
Microsoft Visual Studio Solution File, Format Version 12.00
# Visual Studio 15
VisualStudioVersion = 15.0.26228.9
MinimumVisualStudioVersion = 10.0.40219.1
Project("{FAE04EC0-301F-11D3-BF4B-00C04F79EFBC}") = "RulesEngine.Data", "RoslynRuleEngineDL\RulesEngine.Data.csproj", "{7F016254-6DAC-4F23-8845-1279A25F1FAA}"
EndProject
Project("{FAE04EC0-301F-11D3-BF4B-00C04F79EFBC}") = "RulesEngineUnitTest", "RulesEngineUnitTest\RulesEngineUnitTest.csproj", "{3EFB530A-3EF9-41D7-97D9-743906F0A434}"
EndProject
Project("{FAE04EC0-301F-11D3-BF4B-00C04F79EFBC}") = "Business.RulesEngine.Compiler.CSCCompilerBL", "CSCRuleEngineBL\Business.RulesEngine.Compiler.CSCCompilerBL.csproj", "{242C3D9F-4634-47B5-8329-50E3DB0387E0}"
EndProject
Project("{FAE04EC0-301F-11D3-BF4B-00C04F79EFBC}") = "Testing.Workflow.RulesEngine", "Workflow.RulesEngine\Testing.Workflow.RulesEngine.csproj", "{6C83A00B-F04A-4435-A17F-DAF8AD69D987}"
EndProject
Project("{FAE04EC0-301F-11D3-BF4B-00C04F79EFBC}") = "Testing.Reference.RulesEngine", "Reference.RulesEngine\Testing.Reference.RulesEngine.csproj", "{725532B8-B120-4D3D-884A-FB7D1E46AD38}"
EndProject
Project("{FAE04EC0-301F-11D3-BF4B-00C04F79EFBC}") = "Business.RulesEngine", "Business.RulesEngine\Business.RulesEngine.csproj", "{797D7708-598F-470C-98FC-65ABBD892A9E}"
EndProject
Project("{FAE04EC0-301F-11D3-BF4B-00C04F79EFBC}") = "WinForms.RulesEngine", "WinForms.RulesEngineBasic\WinForms.RulesEngine.csproj", "{FAF4BC78-8490-4688-A5CD-0D115C147674}"
EndProject
Global
	GlobalSection(SolutionConfigurationPlatforms) = preSolution
		Debug|Any CPU = Debug|Any CPU
		Release|Any CPU = Release|Any CPU
	EndGlobalSection
	GlobalSection(ProjectConfigurationPlatforms) = postSolution
		{7F016254-6DAC-4F23-8845-1279A25F1FAA}.Debug|Any CPU.ActiveCfg = Debug|Any CPU
		{7F016254-6DAC-4F23-8845-1279A25F1FAA}.Debug|Any CPU.Build.0 = Debug|Any CPU
		{7F016254-6DAC-4F23-8845-1279A25F1FAA}.Release|Any CPU.ActiveCfg = Release|Any CPU
		{7F016254-6DAC-4F23-8845-1279A25F1FAA}.Release|Any CPU.Build.0 = Release|Any CPU
		{3EFB530A-3EF9-41D7-97D9-743906F0A434}.Debug|Any CPU.ActiveCfg = Debug|Any CPU
		{3EFB530A-3EF9-41D7-97D9-743906F0A434}.Debug|Any CPU.Build.0 = Debug|Any CPU
		{3EFB530A-3EF9-41D7-97D9-743906F0A434}.Release|Any CPU.ActiveCfg = Release|Any CPU
		{3EFB530A-3EF9-41D7-97D9-743906F0A434}.Release|Any CPU.Build.0 = Release|Any CPU
		{242C3D9F-4634-47B5-8329-50E3DB0387E0}.Debug|Any CPU.ActiveCfg = Debug|Any CPU
		{242C3D9F-4634-47B5-8329-50E3DB0387E0}.Debug|Any CPU.Build.0 = Debug|Any CPU
		{242C3D9F-4634-47B5-8329-50E3DB0387E0}.Release|Any CPU.ActiveCfg = Release|Any CPU
		{242C3D9F-4634-47B5-8329-50E3DB0387E0}.Release|Any CPU.Build.0 = Release|Any CPU
		{6C83A00B-F04A-4435-A17F-DAF8AD69D987}.Debug|Any CPU.ActiveCfg = Debug|Any CPU
		{6C83A00B-F04A-4435-A17F-DAF8AD69D987}.Debug|Any CPU.Build.0 = Debug|Any CPU
		{6C83A00B-F04A-4435-A17F-DAF8AD69D987}.Release|Any CPU.ActiveCfg = Release|Any CPU
		{6C83A00B-F04A-4435-A17F-DAF8AD69D987}.Release|Any CPU.Build.0 = Release|Any CPU
		{725532B8-B120-4D3D-884A-FB7D1E46AD38}.Debug|Any CPU.ActiveCfg = Debug|Any CPU
		{725532B8-B120-4D3D-884A-FB7D1E46AD38}.Debug|Any CPU.Build.0 = Debug|Any CPU
		{725532B8-B120-4D3D-884A-FB7D1E46AD38}.Release|Any CPU.ActiveCfg = Release|Any CPU
		{725532B8-B120-4D3D-884A-FB7D1E46AD38}.Release|Any CPU.Build.0 = Release|Any CPU
		{797D7708-598F-470C-98FC-65ABBD892A9E}.Debug|Any CPU.ActiveCfg = Debug|Any CPU
		{797D7708-598F-470C-98FC-65ABBD892A9E}.Debug|Any CPU.Build.0 = Debug|Any CPU
		{797D7708-598F-470C-98FC-65ABBD892A9E}.Release|Any CPU.ActiveCfg = Release|Any CPU
		{797D7708-598F-470C-98FC-65ABBD892A9E}.Release|Any CPU.Build.0 = Release|Any CPU
		{FAF4BC78-8490-4688-A5CD-0D115C147674}.Debug|Any CPU.ActiveCfg = Debug|Any CPU
		{FAF4BC78-8490-4688-A5CD-0D115C147674}.Debug|Any CPU.Build.0 = Debug|Any CPU
		{FAF4BC78-8490-4688-A5CD-0D115C147674}.Release|Any CPU.ActiveCfg = Release|Any CPU
		{FAF4BC78-8490-4688-A5CD-0D115C147674}.Release|Any CPU.Build.0 = Release|Any CPU
	EndGlobalSection
	GlobalSection(SolutionProperties) = preSolution
		HideSolutionNode = FALSE
	EndGlobalSection
EndGlobal
